// !$*UTF8*$!
{
	archiveVersion = 1;
	classes = {
	};
	objectVersion = 77;
	objects = {

/* Begin PBXBuildFile section */
		192DD5262F735DDC00CF7708 /* fix_compliance.sh in Resources */ = {isa = PBXBuildFile; fileRef = 192DD5252F735DDC00CF7708 /* fix_compliance.sh */; };
		1962BABC2F74D6A00001FD34 /* HANDOVER_2026-03-26.md in Resources */ = {isa = PBXBuildFile; fileRef = 1962BABB2F74D6A00001FD34 /* HANDOVER_2026-03-26.md */; };
		197838B72F70A51900D284DA /* RADE.xcconfig in Resources */ = {isa = PBXBuildFile; fileRef = 197838B62F70A51900D284DA /* RADE.xcconfig */; };
		197838DC2F70AC8600D284DA /* rade_nnet.c in Sources */ = {isa = PBXBuildFile; fileRef = 197838DB2F70AC8600D284DA /* rade_nnet.c */; };
		197838E02F70CDDF00D284DA /* eoo_callsign_codec_c.cpp in Sources */ = {isa = PBXBuildFile; fileRef = 197838DF2F70CDDF00D284DA /* eoo_callsign_codec_c.cpp */; };
		197838E22F70CE9B00D284DA /* EooCallsignCodec.cpp in Sources */ = {isa = PBXBuildFile; fileRef = 197838E12F70CE9B00D284DA /* EooCallsignCodec.cpp */; };
		19RADE0001F70A85200D284D /* rade_all.c in Sources */ = {isa = PBXBuildFile; fileRef = 197838BA2F70A85200D284DA /* rade_all.c */; };
/* End PBXBuildFile section */

/* Begin PBXCopyFilesBuildPhase section */
		199C22922F72920C00727B05 /* Embed Foundation Extensions */ = {
			isa = PBXCopyFilesBuildPhase;
			buildActionMask = 2147483647;
			dstPath = "";
			dstSubfolderSpec = 13;
			files = (
			);
			name = "Embed Foundation Extensions";
			runOnlyForDeploymentPostprocessing = 0;
		};
/* End PBXCopyFilesBuildPhase section */

/* Begin PBXFileReference section */
		192DD5252F735DDC00CF7708 /* fix_compliance.sh */ = {isa = PBXFileReference; lastKnownFileType = text.script.sh; path = fix_compliance.sh; sourceTree = "<group>"; };
		1962BABB2F74D6A00001FD34 /* HANDOVER_2026-03-26.md */ = {isa = PBXFileReference; lastKnownFileType = net.daringfireball.markdown; path = "HANDOVER_2026-03-26.md"; sourceTree = "<group>"; };
		1978385F2F7028A000D284DA /* FreeDV.app */ = {isa = PBXFileReference; explicitFileType = wrapper.application; includeInIndex = 0; path = FreeDV.app; sourceTree = BUILT_PRODUCTS_DIR; };
		1978388E2F702DFA00D284DA /* build_opus.sh */ = {isa = PBXFileReference; lastKnownFileType = text.script.sh; path = build_opus.sh; sourceTree = "<group>"; };
		197838932F703AED00D284DA /* config.h */ = {isa = PBXFileReference; lastKnownFileType = sourcecode.c.h; path = config.h; sourceTree = "<group>"; };
		197838942F703AED00D284DA /* arch.h */ = {isa = PBXFileReference; lastKnownFileType = sourcecode.c.h; path = arch.h; sourceTree = "<group>"; };
		197838952F703AED00D284DA /* os_support.h */ = {isa = PBXFileReference; lastKnownFileType = sourcecode.c.h; path = os_support.h; sourceTree = "<group>"; };
		197838962F703AED00D284DA /* opus_types.h */ = {isa = PBXFileReference; lastKnownFileType = sourcecode.c.h; path = opus_types.h; sourceTree = "<group>"; };
		197838972F703AED00D284DA /* opus_defines.h */ = {isa = PBXFileReference; lastKnownFileType = sourcecode.c.h; path = opus_defines.h; sourceTree = "<group>"; };
		197838982F703AED00D284DA /* nnet.h */ = {isa = PBXFileReference; lastKnownFileType = sourcecode.c.h; path = nnet.h; sourceTree = "<group>"; };
		197838992F703AED00D284DA /* _kiss_fft_guts.h */ = {isa = PBXFileReference; lastKnownFileType = sourcecode.c.h; path = _kiss_fft_guts.h; sourceTree = "<group>"; };
		1978389A2F703AED00D284DA /* kiss_fft.h */ = {isa = PBXFileReference; lastKnownFileType = sourcecode.c.h; path = kiss_fft.h; sourceTree = "<group>"; };
		1978389B2F703AED00D284DA /* kiss_fftr.h */ = {isa = PBXFileReference; lastKnownFileType = sourcecode.c.h; path = kiss_fftr.h; sourceTree = "<group>"; };
		1978389C2F703AED00D284DA /* rade_api.h */ = {isa = PBXFileReference; lastKnownFileType = sourcecode.c.h; path = rade_api.h; sourceTree = "<group>"; };
		1978389D2F703AED00D284DA /* rade_core.h */ = {isa = PBXFileReference; lastKnownFileType = sourcecode.c.h; path = rade_core.h; sourceTree = "<group>"; };
		1978389E2F703AED00D284DA /* rade_constants.h */ = {isa = PBXFileReference; lastKnownFileType = sourcecode.c.h; path = rade_constants.h; sourceTree = "<group>"; };
		1978389F2F703AED00D284DA /* rade_enc.h */ = {isa = PBXFileReference; lastKnownFileType = sourcecode.c.h; path = rade_enc.h; sourceTree = "<group>"; };
		197838A02F703AEE00D284DA /* rade_enc_data.h */ = {isa = PBXFileReference; lastKnownFileType = sourcecode.c.h; path = rade_enc_data.h; sourceTree = "<group>"; };
		197838A12F703AEE00D284DA /* rade_dec.h */ = {isa = PBXFileReference; lastKnownFileType = sourcecode.c.h; path = rade_dec.h; sourceTree = "<group>"; };
		197838A22F703AEE00D284DA /* rade_dec_data.h */ = {isa = PBXFileReference; lastKnownFileType = sourcecode.c.h; path = rade_dec_data.h; sourceTree = "<group>"; };
		197838A32F703AEE00D284DA /* rade_rx.h */ = {isa = PBXFileReference; lastKnownFileType = sourcecode.c.h; path = rade_rx.h; sourceTree = "<group>"; };
		197838A42F703C6D00D284DA /* rade_tx.h */ = {isa = PBXFileReference; lastKnownFileType = sourcecode.c.h; path = rade_tx.h; sourceTree = "<group>"; };
		197838A52F703C6D00D284DA /* rade_ofdm.h */ = {isa = PBXFileReference; lastKnownFileType = sourcecode.c.h; path = rade_ofdm.h; sourceTree = "<group>"; };
		197838A62F703C6D00D284DA /* rade_dsp.h */ = {isa = PBXFileReference; lastKnownFileType = sourcecode.c.h; path = rade_dsp.h; sourceTree = "<group>"; };
		197838A72F703C6D00D284DA /* rade_acq.h */ = {isa = PBXFileReference; lastKnownFileType = sourcecode.c.h; path = rade_acq.h; sourceTree = "<group>"; };
		197838A82F703C6D00D284DA /* rade_bpf.h */ = {isa = PBXFileReference; lastKnownFileType = sourcecode.c.h; path = rade_bpf.h; sourceTree = "<group>"; };
		197838B62F70A51900D284DA /* RADE.xcconfig */ = {isa = PBXFileReference; lastKnownFileType = text.xcconfig; path = RADE.xcconfig; sourceTree = "<group>"; };
		197838BA2F70A85200D284DA /* rade_all.c */ = {isa = PBXFileReference; lastKnownFileType = sourcecode.c.c; path = rade_all.c; sourceTree = "<group>"; };
		197838DB2F70AC8600D284DA /* rade_nnet.c */ = {isa = PBXFileReference; lastKnownFileType = sourcecode.c.c; path = rade_nnet.c; sourceTree = "<group>"; };
		197838DD2F70CDDE00D284DA /* EooCallsignCodec.h */ = {isa = PBXFileReference; lastKnownFileType = sourcecode.c.h; path = EooCallsignCodec.h; sourceTree = "<group>"; };
		197838DE2F70CDDE00D284DA /* eoo_callsign_codec_c.h */ = {isa = PBXFileReference; lastKnownFileType = sourcecode.c.h; path = eoo_callsign_codec_c.h; sourceTree = "<group>"; };
		197838DF2F70CDDF00D284DA /* eoo_callsign_codec_c.cpp */ = {isa = PBXFileReference; lastKnownFileType = sourcecode.cpp.cpp; path = eoo_callsign_codec_c.cpp; sourceTree = "<group>"; };
		197838E12F70CE9B00D284DA /* EooCallsignCodec.cpp */ = {isa = PBXFileReference; lastKnownFileType = sourcecode.cpp.cpp; path = EooCallsignCodec.cpp; sourceTree = "<group>"; };
		199C227B2F72920B00727B05 /* WidgetKit.framework */ = {isa = PBXFileReference; lastKnownFileType = wrapper.framework; name = WidgetKit.framework; path = System/Library/Frameworks/WidgetKit.framework; sourceTree = SDKROOT; };
		199C227D2F72920B00727B05 /* SwiftUI.framework */ = {isa = PBXFileReference; lastKnownFileType = wrapper.framework; name = SwiftUI.framework; path = System/Library/Frameworks/SwiftUI.framework; sourceTree = SDKROOT; };
/* End PBXFileReference section */

/* Begin PBXFileSystemSynchronizedBuildFileExceptionSet section */
		1986D1FD2F70D98F00EFB5D1 /* Exceptions for "FreeDV" folder in "FreeDV" target */ = {
			isa = PBXFileSystemSynchronizedBuildFileExceptionSet;
			membershipExceptions = (
				Info.plist,
			);
			target = 1978385E2F7028A000D284DA /* FreeDV */;
		};
/* End PBXFileSystemSynchronizedBuildFileExceptionSet section */

/* Begin PBXFileSystemSynchronizedRootGroup section */
		197838612F7028A000D284DA /* FreeDV */ = {
			isa = PBXFileSystemSynchronizedRootGroup;
			exceptions = (
				1986D1FD2F70D98F00EFB5D1 /* Exceptions for "FreeDV" folder in "FreeDV" target */,
			);
			path = FreeDV;
			sourceTree = "<group>";
		};
/* End PBXFileSystemSynchronizedRootGroup section */

/* Begin PBXFrameworksBuildPhase section */
		1978385C2F7028A000D284DA /* Frameworks */ = {
			isa = PBXFrameworksBuildPhase;
			buildActionMask = 2147483647;
			files = (
			);
			runOnlyForDeploymentPostprocessing = 0;
		};
/* End PBXFrameworksBuildPhase section */

/* Begin PBXGroup section */
		197838562F7028A000D284DA = {
			isa = PBXGroup;
			children = (
				197838B62F70A51900D284DA /* RADE.xcconfig */,
				197838612F7028A000D284DA /* FreeDV */,
				199C227A2F72920B00727B05 /* Frameworks */,
				197838602F7028A000D284DA /* Products */,
				197838742F702D0E00D284DA /* Scripts */,
				197838752F702D1100D284DA /* Libraries */,
				192DD5252F735DDC00CF7708 /* fix_compliance.sh */,
				1962BABB2F74D6A00001FD34 /* HANDOVER_2026-03-26.md */,
			);
			sourceTree = "<group>";
		};
		197838602F7028A000D284DA /* Products */ = {
			isa = PBXGroup;
			children = (
				1978385F2F7028A000D284DA /* FreeDV.app */,
			);
			name = Products;
			sourceTree = "<group>";
		};
		197838742F702D0E00D284DA /* Scripts */ = {
			isa = PBXGroup;
			children = (
				1978388E2F702DFA00D284DA /* build_opus.sh */,
			);
			path = Scripts;
			sourceTree = "<group>";
		};
		197838752F702D1100D284DA /* Libraries */ = {
			isa = PBXGroup;
			children = (
				197838762F702D1500D284DA /* radae */,
				197838772F702D1500D284DA /* radae_top */,
				197838782F702D1600D284DA /* opus */,
				197838792F702D1600D284DA /* eoo */,
			);
			path = Libraries;
			sourceTree = "<group>";
		};
		197838762F702D1500D284DA /* radae */ = {
			isa = PBXGroup;
			children = (
				197838932F703AED00D284DA /* config.h */,
				197838942F703AED00D284DA /* arch.h */,
				197838952F703AED00D284DA /* os_support.h */,
				197838962F703AED00D284DA /* opus_types.h */,
				197838972F703AED00D284DA /* opus_defines.h */,
				197838982F703AED00D284DA /* nnet.h */,
				197838992F703AED00D284DA /* _kiss_fft_guts.h */,
				1978389A2F703AED00D284DA /* kiss_fft.h */,
				1978389B2F703AED00D284DA /* kiss_fftr.h */,
				1978389C2F703AED00D284DA /* rade_api.h */,
				1978389D2F703AED00D284DA /* rade_core.h */,
				1978389E2F703AED00D284DA /* rade_constants.h */,
				1978389F2F703AED00D284DA /* rade_enc.h */,
				197838A02F703AEE00D284DA /* rade_enc_data.h */,
				197838A12F703AEE00D284DA /* rade_dec.h */,
				197838A22F703AEE00D284DA /* rade_dec_data.h */,
				197838A32F703AEE00D284DA /* rade_rx.h */,
				197838A42F703C6D00D284DA /* rade_tx.h */,
				197838A52F703C6D00D284DA /* rade_ofdm.h */,
				197838A62F703C6D00D284DA /* rade_dsp.h */,
				197838A72F703C6D00D284DA /* rade_acq.h */,
				197838A82F703C6D00D284DA /* rade_bpf.h */,
				197838BA2F70A85200D284DA /* rade_all.c */,
				197838DB2F70AC8600D284DA /* rade_nnet.c */,
			);
			path = radae;
			sourceTree = "<group>";
		};
		197838772F702D1500D284DA /* radae_top */ = {
			isa = PBXGroup;
			children = (
			);
			path = radae_top;
			sourceTree = "<group>";
		};
		197838782F702D1600D284DA /* opus */ = {
			isa = PBXGroup;
			children = (
			);
			path = opus;
			sourceTree = "<group>";
		};
		197838792F702D1600D284DA /* eoo */ = {
			isa = PBXGroup;
			children = (
				197838DD2F70CDDE00D284DA /* EooCallsignCodec.h */,
				197838DE2F70CDDE00D284DA /* eoo_callsign_codec_c.h */,
				197838DF2F70CDDF00D284DA /* eoo_callsign_codec_c.cpp */,
				197838E12F70CE9B00D284DA /* EooCallsignCodec.cpp */,
			);
			path = eoo;
			sourceTree = "<group>";
		};
		199C227A2F72920B00727B05 /* Frameworks */ = {
			isa = PBXGroup;
			children = (
				199C227B2F72920B00727B05 /* WidgetKit.framework */,
				199C227D2F72920B00727B05 /* SwiftUI.framework */,
			);
			name = Frameworks;
			sourceTree = "<group>";
		};
/* End PBXGroup section */

/* Begin PBXNativeTarget section */
		1978385E2F7028A000D284DA /* FreeDV */ = {
			isa = PBXNativeTarget;
			buildConfigurationList = 1978386A2F7028A100D284DA /* Build configuration list for PBXNativeTarget "FreeDV" */;
			buildPhases = (
				1978385B2F7028A000D284DA /* Sources */,
				1978385C2F7028A000D284DA /* Frameworks */,
				1978385D2F7028A000D284DA /* Resources */,
				199C22922F72920C00727B05 /* Embed Foundation Extensions */,
			);
			buildRules = (
			);
			dependencies = (
			);
			fileSystemSynchronizedGroups = (
				197838612F7028A000D284DA /* FreeDV */,
			);
			name = FreeDV;
			packageProductDependencies = (
			);
			productName = FreeDV;
			productReference = 1978385F2F7028A000D284DA /* FreeDV.app */;
			productType = "com.apple.product-type.application";
		};
/* End PBXNativeTarget section */

/* Begin PBXProject section */
		197838572F7028A000D284DA /* Project object */ = {
			isa = PBXProject;
			attributes = {
				BuildIndependentTargetsInParallel = 1;
				LastSwiftUpdateCheck = 2640;
				LastUpgradeCheck = 2630;
				TargetAttributes = {
					1978385E2F7028A000D284DA = {
						CreatedOnToolsVersion = 26.3;
					};
				};
			};
			buildConfigurationList = 1978385A2F7028A000D284DA /* Build configuration list for PBXProject "FreeDV" */;
			developmentRegion = en;
			hasScannedForEncodings = 0;
			knownRegions = (
				en,
				Base,
			);
			mainGroup = 197838562F7028A000D284DA;
			minimizedProjectReferenceProxies = 1;
			preferredProjectObjectVersion = 77;
			productRefGroup = 197838602F7028A000D284DA /* Products */;
			projectDirPath = "";
			projectRoot = "";
			targets = (
				1978385E2F7028A000D284DA /* FreeDV */,
			);
		};
/* End PBXProject section */

/* Begin PBXResourcesBuildPhase section */
		1978385D2F7028A000D284DA /* Resources */ = {
			isa = PBXResourcesBuildPhase;
			buildActionMask = 2147483647;
			files = (
				197838B72F70A51900D284DA /* RADE.xcconfig in Resources */,
				1962BABC2F74D6A00001FD34 /* HANDOVER_2026-03-26.md in Resources */,
				192DD5262F735DDC00CF7708 /* fix_compliance.sh in Resources */,
			);
			runOnlyForDeploymentPostprocessing = 0;
		};
/* End PBXResourcesBuildPhase section */

/* Begin PBXSourcesBuildPhase section */
		1978385B2F7028A000D284DA /* Sources */ = {
			isa = PBXSourcesBuildPhase;
			buildActionMask = 2147483647;
			files = (
				19RADE0001F70A85200D284D /* rade_all.c in Sources */,
				197838E02F70CDDF00D284DA /* eoo_callsign_codec_c.cpp in Sources */,
				197838E22F70CE9B00D284DA /* EooCallsignCodec.cpp in Sources */,
				197838DC2F70AC8600D284DA /* rade_nnet.c in Sources */,
			);
			runOnlyForDeploymentPostprocessing = 0;
		};
/* End PBXSourcesBuildPhase section */

/* Begin XCBuildConfiguration section */
		197838682F7028A100D284DA /* Debug */ = {
			isa = XCBuildConfiguration;
			buildSettings = {
				ALWAYS_SEARCH_USER_PATHS = NO;
				ASSETCATALOG_COMPILER_GENERATE_SWIFT_ASSET_SYMBOL_EXTENSIONS = YES;
				CLANG_ANALYZER_NONNULL = YES;
				CLANG_ANALYZER_NUMBER_OBJECT_CONVERSION = YES_AGGRESSIVE;
				CLANG_CXX_LANGUAGE_STANDARD = "gnu++20";
				CLANG_ENABLE_MODULES = YES;
				CLANG_ENABLE_OBJC_ARC = YES;
				CLANG_ENABLE_OBJC_WEAK = YES;
				CLANG_WARN_BLOCK_CAPTURE_AUTORELEASING = YES;
				CLANG_WARN_BOOL_CONVERSION = YES;
				CLANG_WARN_COMMA = YES;
				CLANG_WARN_CONSTANT_CONVERSION = YES;
				CLANG_WARN_DEPRECATED_OBJC_IMPLEMENTATIONS = YES;
				CLANG_WARN_DIRECT_OBJC_ISA_USAGE = YES_ERROR;
				CLANG_WARN_DOCUMENTATION_COMMENTS = YES;
				CLANG_WARN_EMPTY_BODY = YES;
				CLANG_WARN_ENUM_CONVERSION = YES;
				CLANG_WARN_INFINITE_RECURSION = YES;
				CLANG_WARN_INT_CONVERSION = YES;
				CLANG_WARN_NON_LITERAL_NULL_CONVERSION = YES;
				CLANG_WARN_OBJC_IMPLICIT_RETAIN_SELF = YES;
				CLANG_WARN_OBJC_LITERAL_CONVERSION = YES;
				CLANG_WARN_OBJC_ROOT_CLASS = YES_ERROR;
				CLANG_WARN_QUOTED_INCLUDE_IN_FRAMEWORK_HEADER = YES;
				CLANG_WARN_RANGE_LOOP_ANALYSIS = YES;
				CLANG_WARN_STRICT_PROTOTYPES = YES;
				CLANG_WARN_SUSPICIOUS_MOVE = YES;
				CLANG_WARN_UNGUARDED_AVAILABILITY = YES_AGGRESSIVE;
				CLANG_WARN_UNREACHABLE_CODE = YES;
				CLANG_WARN__DUPLICATE_METHOD_MATCH = YES;
				COPY_PHASE_STRIP = NO;
				DEBUG_INFORMATION_FORMAT = dwarf;
				DEVELOPMENT_TEAM = 828724JC93;
				ENABLE_STRICT_OBJC_MSGSEND = YES;
				ENABLE_TESTABILITY = YES;
				ENABLE_USER_SCRIPT_SANDBOXING = YES;
				GCC_C_LANGUAGE_STANDARD = gnu17;
				GCC_DYNAMIC_NO_PIC = NO;
				GCC_NO_COMMON_BLOCKS = YES;
				GCC_OPTIMIZATION_LEVEL = 0;
				GCC_PREPROCESSOR_DEFINITIONS = (
					"DEBUG=1",
					"$(inherited)",
				);
				GCC_WARN_64_TO_32_BIT_CONVERSION = YES;
				GCC_WARN_ABOUT_RETURN_TYPE = YES_ERROR;
				GCC_WARN_UNDECLARED_SELECTOR = YES;
				GCC_WARN_UNINITIALIZED_AUTOS = YES_AGGRESSIVE;
				GCC_WARN_UNUSED_FUNCTION = YES;
				GCC_WARN_UNUSED_VARIABLE = YES;
				IPHONEOS_DEPLOYMENT_TARGET = 18.0;
				LOCALIZATION_PREFERS_STRING_CATALOGS = YES;
				MTL_ENABLE_DEBUG_INFO = INCLUDE_SOURCE;
				MTL_FAST_MATH = YES;
				ONLY_ACTIVE_ARCH = YES;
				SDKROOT = iphoneos;
				SWIFT_ACTIVE_COMPILATION_CONDITIONS = "DEBUG $(inherited)";
				SWIFT_OPTIMIZATION_LEVEL = "-Onone";
			};
			name = Debug;
		};
		197838692F7028A100D284DA /* Release */ = {
			isa = XCBuildConfiguration;
			buildSettings = {
				ALWAYS_SEARCH_USER_PATHS = NO;
				ASSETCATALOG_COMPILER_GENERATE_SWIFT_ASSET_SYMBOL_EXTENSIONS = YES;
				CLANG_ANALYZER_NONNULL = YES;
				CLANG_ANALYZER_NUMBER_OBJECT_CONVERSION = YES_AGGRESSIVE;
				CLANG_CXX_LANGUAGE_STANDARD = "gnu++20";
				CLANG_ENABLE_MODULES = YES;
				CLANG_ENABLE_OBJC_ARC = YES;
				CLANG_ENABLE_OBJC_WEAK = YES;
				CLANG_WARN_BLOCK_CAPTURE_AUTORELEASING = YES;
				CLANG_WARN_BOOL_CONVERSION = YES;
				CLANG_WARN_COMMA = YES;
				CLANG_WARN_CONSTANT_CONVERSION = YES;
				CLANG_WARN_DEPRECATED_OBJC_IMPLEMENTATIONS = YES;
				CLANG_WARN_DIRECT_OBJC_ISA_USAGE = YES_ERROR;
				CLANG_WARN_DOCUMENTATION_COMMENTS = YES;
				CLANG_WARN_EMPTY_BODY = YES;
				CLANG_WARN_ENUM_CONVERSION = YES;
				CLANG_WARN_INFINITE_RECURSION = YES;
				CLANG_WARN_INT_CONVERSION = YES;
				CLANG_WARN_NON_LITERAL_NULL_CONVERSION = YES;
				CLANG_WARN_OBJC_IMPLICIT_RETAIN_SELF = YES;
				CLANG_WARN_OBJC_LITERAL_CONVERSION = YES;
				CLANG_WARN_OBJC_ROOT_CLASS = YES_ERROR;
				CLANG_WARN_QUOTED_INCLUDE_IN_FRAMEWORK_HEADER = YES;
				CLANG_WARN_RANGE_LOOP_ANALYSIS = YES;
				CLANG_WARN_STRICT_PROTOTYPES = YES;
				CLANG_WARN_SUSPICIOUS_MOVE = YES;
				CLANG_WARN_UNGUARDED_AVAILABILITY = YES_AGGRESSIVE;
				CLANG_WARN_UNREACHABLE_CODE = YES;
				CLANG_WARN__DUPLICATE_METHOD_MATCH = YES;
				COPY_PHASE_STRIP = NO;
				DEBUG_INFORMATION_FORMAT = "dwarf-with-dsym";
				DEVELOPMENT_TEAM = 828724JC93;
				ENABLE_NS_ASSERTIONS = NO;
				ENABLE_STRICT_OBJC_MSGSEND = YES;
				ENABLE_USER_SCRIPT_SANDBOXING = YES;
				GCC_C_LANGUAGE_STANDARD = gnu17;
				GCC_NO_COMMON_BLOCKS = YES;
				GCC_WARN_64_TO_32_BIT_CONVERSION = YES;
				GCC_WARN_ABOUT_RETURN_TYPE = YES_ERROR;
				GCC_WARN_UNDECLARED_SELECTOR = YES;
				GCC_WARN_UNINITIALIZED_AUTOS = YES_AGGRESSIVE;
				GCC_WARN_UNUSED_FUNCTION = YES;
				GCC_WARN_UNUSED_VARIABLE = YES;
				IPHONEOS_DEPLOYMENT_TARGET = 18.0;
				LOCALIZATION_PREFERS_STRING_CATALOGS = YES;
				MTL_ENABLE_DEBUG_INFO = NO;
				MTL_FAST_MATH = YES;
				SDKROOT = iphoneos;
				SWIFT_COMPILATION_MODE = wholemodule;
			};
			name = Release;
		};
		1978386B2F7028A100D284DA /* Debug */ = {
			isa = XCBuildConfiguration;
			baseConfigurationReference = 197838B62F70A51900D284DA /* RADE.xcconfig */;
			buildSettings = {
				ASSETCATALOG_COMPILER_APPICON_NAME = AppIcon;
				ASSETCATALOG_COMPILER_GLOBAL_ACCENT_COLOR_NAME = AccentColor;
				CODE_SIGN_ENTITLEMENTS = FreeDV/FreeDV.entitlements;
				CODE_SIGN_IDENTITY = "Apple Development";
				CODE_SIGN_STYLE = Automatic;
				COMBINE_HIDPI_IMAGES = YES;
				CURRENT_PROJECT_VERSION = 1;
				DEVELOPMENT_TEAM = 828724JC93;
				ENABLE_APP_SANDBOX = YES;
				ENABLE_HARDENED_RUNTIME = NO;
				ENABLE_PREVIEWS = YES;
				ENABLE_USER_SELECTED_FILES = readonly;
				GENERATE_INFOPLIST_FILE = YES;
				INFOPLIST_FILE = FreeDV/Info.plist;
				INFOPLIST_KEY_CFBundleDisplayName = "RADE Decode";
				INFOPLIST_KEY_NSHumanReadableCopyright = "";
				INFOPLIST_KEY_NSLocationAlwaysAndWhenInUseUsageDescription = "RADE Decode records your GPS position when radio signals are received in the background, enabling accurate reception logging and Maidenhead grid square reporting.";
				INFOPLIST_KEY_NSLocationWhenInUseUsageDescription = "RADE Decode uses your location to calculate your Maidenhead grid square for the FreeDV Reporter.";
				INFOPLIST_KEY_NSMicrophoneUsageDescription = "RADE Decode uses the microphone to receive audio from your radio receiver and decode digital voice (RADE) signals in real time.";
				INFOPLIST_KEY_NSSupportsLiveActivities = YES;
				INFOPLIST_KEY_UISupportedInterfaceOrientations = "UIInterfaceOrientationPortrait UIInterfaceOrientationLandscapeLeft UIInterfaceOrientationLandscapeRight";
				IPHONEOS_DEPLOYMENT_TARGET = 18.6;
				LD_RUNPATH_SEARCH_PATHS = (
					"$(inherited)",
					"@executable_path/Frameworks",
				);
				MARKETING_VERSION = 1.1;
				PRODUCT_BUNDLE_IDENTIFIER = "yakumo2683.RADE-Decode";
				PRODUCT_NAME = "$(TARGET_NAME)";
				REGISTER_APP_GROUPS = YES;
				SDKROOT = iphoneos;
				STRING_CATALOG_GENERATE_SYMBOLS = YES;
				SUPPORTED_PLATFORMS = "iphoneos iphonesimulator";
				SUPPORTS_MACCATALYST = NO;
				SWIFT_APPROACHABLE_CONCURRENCY = YES;
				SWIFT_DEFAULT_ACTOR_ISOLATION = MainActor;
				SWIFT_EMIT_LOC_STRINGS = YES;
				SWIFT_UPCOMING_FEATURE_MEMBER_IMPORT_VISIBILITY = YES;
				SWIFT_VERSION = 5.0;
				TARGETED_DEVICE_FAMILY = 1;
			};
			name = Debug;
		};
		1978386C2F7028A100D284DA /* Release */ = {
			isa = XCBuildConfiguration;
			baseConfigurationReference = 197838B62F70A51900D284DA /* RADE.xcconfig */;
			buildSettings = {
				ASSETCATALOG_COMPILER_APPICON_NAME = AppIcon;
				ASSETCATALOG_COMPILER_GLOBAL_ACCENT_COLOR_NAME = AccentColor;
				CODE_SIGN_ENTITLEMENTS = FreeDV/FreeDV.entitlements;
				CODE_SIGN_IDENTITY = "Apple Development";
				CODE_SIGN_STYLE = Automatic;
				COMBINE_HIDPI_IMAGES = YES;
				CURRENT_PROJECT_VERSION = 1;
				DEVELOPMENT_TEAM = 828724JC93;
				ENABLE_APP_SANDBOX = YES;
				ENABLE_HARDENED_RUNTIME = NO;
				ENABLE_PREVIEWS = YES;
				ENABLE_USER_SELECTED_FILES = readonly;
				GENERATE_INFOPLIST_FILE = YES;
				INFOPLIST_FILE = FreeDV/Info.plist;
				INFOPLIST_KEY_CFBundleDisplayName = "RADE Decode";
				INFOPLIST_KEY_NSHumanReadableCopyright = "";
				INFOPLIST_KEY_NSLocationAlwaysAndWhenInUseUsageDescription = "RADE Decode records your GPS position when radio signals are received in the background, enabling accurate reception logging and Maidenhead grid square reporting.";
				INFOPLIST_KEY_NSLocationWhenInUseUsageDescription = "RADE Decode uses your location to calculate your Maidenhead grid square for the FreeDV Reporter.";
				INFOPLIST_KEY_NSMicrophoneUsageDescription = "RADE Decode uses the microphone to receive audio from your radio receiver and decode digital voice (RADE) signals in real time.";
				INFOPLIST_KEY_NSSupportsLiveActivities = YES;
				INFOPLIST_KEY_UISupportedInterfaceOrientations = "UIInterfaceOrientationPortrait UIInterfaceOrientationLandscapeLeft UIInterfaceOrientationLandscapeRight";
				IPHONEOS_DEPLOYMENT_TARGET = 18.6;
				LD_RUNPATH_SEARCH_PATHS = (
					"$(inherited)",
					"@executable_path/Frameworks",
				);
				MARKETING_VERSION = 1.1;
				PRODUCT_BUNDLE_IDENTIFIER = "yakumo2683.RADE-Decode";
				PRODUCT_NAME = "$(TARGET_NAME)";
				REGISTER_APP_GROUPS = YES;
				SDKROOT = iphoneos;
				STRING_CATALOG_GENERATE_SYMBOLS = YES;
				SUPPORTED_PLATFORMS = "iphoneos iphonesimulator";
				SUPPORTS_MACCATALYST = NO;
				SWIFT_APPROACHABLE_CONCURRENCY = YES;
				SWIFT_DEFAULT_ACTOR_ISOLATION = MainActor;
				SWIFT_EMIT_LOC_STRINGS = YES;
				SWIFT_UPCOMING_FEATURE_MEMBER_IMPORT_VISIBILITY = YES;
				SWIFT_VERSION = 5.0;
				TARGETED_DEVICE_FAMILY = 1;
			};
			name = Release;
		};
/* End XCBuildConfiguration section */

/* Begin XCConfigurationList section */
		1978385A2F7028A000D284DA /* Build configuration list for PBXProject "FreeDV" */ = {
			isa = XCConfigurationList;
			buildConfigurations = (
				197838682F7028A100D284DA /* Debug */,
				197838692F7028A100D284DA /* Release */,
			);
			defaultConfigurationIsVisible = 0;
			defaultConfigurationName = Release;
		};
		1978386A2F7028A100D284DA /* Build configuration list for PBXNativeTarget "FreeDV" */ = {
			isa = XCConfigurationList;
			buildConfigurations = (
				1978386B2F7028A100D284DA /* Debug */,
				1978386C2F7028A100D284DA /* Release */,
			);
			defaultConfigurationIsVisible = 0;
			defaultConfigurationName = Release;
		};
/* End XCConfigurationList section */
	};
	rootObject = 197838572F7028A000D284DA /* Project object */;
}
